{
  "name": "ressource-rampage",
  "version": "1.0.0",
  "lockfileVersion": 2,
  "requires": true,
  "packages": {
    "": {
      "name": "ressource-rampage",
      "version": "1.0.0",
      "license": "ISC",
      "dependencies": {
        "@minecraft/server": "^1.2.0-beta.1.19.80-preview.20"
      }
    },
    "node_modules/@minecraft/server": {
      "version": "1.2.0-beta.1.19.80-preview.20",
      "resolved": "https://registry.npmjs.org/@minecraft/server/-/server-1.2.0-beta.1.19.80-preview.20.tgz",
      "integrity": "sha512-VOsDDfdpq3f/xLPTyjPWuFHES3k1uqoeQ39/4/9MwKLrDrtkghAq7IkFylP32iRttFS8qGV1axybztwmCLSEZw=="
    }
  },
  "dependencies": {
    "@minecraft/server": {
      "version": "1.2.0-beta.1.19.80-preview.20",
      "resolved": "https://registry.npmjs.org/@minecraft/server/-/server-1.2.0-beta.1.19.80-preview.20.tgz",
      "integrity": "sha512-VOsDDfdpq3f/xLPTyjPWuFHES3k1uqoeQ39/4/9MwKLrDrtkghAq7IkFylP32iRttFS8qGV1axybztwmCLSEZw=="
    }
  }
}
