{
  "name": "ressource-rampage",
  "version": "1.0.0",
  "lockfileVersion": 2,
  "requires": true,
  "packages": {
    "": {
      "name": "ressource-rampage",
      "version": "1.0.0",
      "license": "ISC",
      "dependencies": {
        "@minecraft/server": "^1.2.0-beta.1.19.80-preview.21",
        "@minecraft/server-ui": "^1.0.0-beta.1.19.80-preview.20"
      }
    },
    "node_modules/@minecraft/server": {
      "version": "1.2.0-beta.1.19.80-preview.21",
      "resolved": "https://registry.npmjs.org/@minecraft/server/-/server-1.2.0-beta.1.19.80-preview.21.tgz",
      "integrity": "sha512-lmyX0hvbXuAVN9D+GuAx1IDwLo3AmM5UM3xSoppbzmxwRkV/LzMzX3sqvtBDGxIcdRs41mZofssNCLutHIyGug=="
    },
    "node_modules/@minecraft/server-ui": {
      "version": "1.0.0-beta.1.19.80-preview.20",
      "resolved": "https://registry.npmjs.org/@minecraft/server-ui/-/server-ui-1.0.0-beta.1.19.80-preview.20.tgz",
      "integrity": "sha512-42LsyOfqLi4vuuTYR6Hqg9lY9m3BxNguySlgXBWAbEzHG9z1Yjj5aYqz7RR61CfEZnMqeb3sflT5KjFYTCw5Ow==",
      "dependencies": {
        "@minecraft/server": "1.2.0-beta.1.19.80-preview.20"
      }
    },
    "node_modules/@minecraft/server-ui/node_modules/@minecraft/server": {
      "version": "1.2.0-beta.1.19.80-preview.20",
      "resolved": "https://registry.npmjs.org/@minecraft/server/-/server-1.2.0-beta.1.19.80-preview.20.tgz",
      "integrity": "sha512-VOsDDfdpq3f/xLPTyjPWuFHES3k1uqoeQ39/4/9MwKLrDrtkghAq7IkFylP32iRttFS8qGV1axybztwmCLSEZw=="
    }
  },
  "dependencies": {
    "@minecraft/server": {
      "version": "1.2.0-beta.1.19.80-preview.21",
      "resolved": "https://registry.npmjs.org/@minecraft/server/-/server-1.2.0-beta.1.19.80-preview.21.tgz",
      "integrity": "sha512-lmyX0hvbXuAVN9D+GuAx1IDwLo3AmM5UM3xSoppbzmxwRkV/LzMzX3sqvtBDGxIcdRs41mZofssNCLutHIyGug=="
    },
    "@minecraft/server-ui": {
      "version": "1.0.0-beta.1.19.80-preview.20",
      "resolved": "https://registry.npmjs.org/@minecraft/server-ui/-/server-ui-1.0.0-beta.1.19.80-preview.20.tgz",
      "integrity": "sha512-42LsyOfqLi4vuuTYR6Hqg9lY9m3BxNguySlgXBWAbEzHG9z1Yjj5aYqz7RR61CfEZnMqeb3sflT5KjFYTCw5Ow==",
      "requires": {
        "@minecraft/server": "1.2.0-beta.1.19.80-preview.20"
      },
      "dependencies": {
        "@minecraft/server": {
          "version": "1.2.0-beta.1.19.80-preview.20",
          "resolved": "https://registry.npmjs.org/@minecraft/server/-/server-1.2.0-beta.1.19.80-preview.20.tgz",
          "integrity": "sha512-VOsDDfdpq3f/xLPTyjPWuFHES3k1uqoeQ39/4/9MwKLrDrtkghAq7IkFylP32iRttFS8qGV1axybztwmCLSEZw=="
        }
      }
    }
  }
}